// !$*UTF8*$!
{
	archiveVersion = 1;
	classes = {
	};
	objectVersion = 56;
	objects = {

/* Begin PBXBuildFile section */
		835819C52A05216700F31638 /* LogOutButtonComponent.swift in Sources */ = {isa = PBXBuildFile; fileRef = 835819C42A05216700F31638 /* LogOutButtonComponent.swift */; };
		851DC3142A03A8490025DD5C /* DataExtension.swift in Sources */ = {isa = PBXBuildFile; fileRef = 851DC3132A03A8490025DD5C /* DataExtension.swift */; };
		851DC3182A03A8EB0025DD5C /* UserApiModel.swift in Sources */ = {isa = PBXBuildFile; fileRef = 851DC3172A03A8EB0025DD5C /* UserApiModel.swift */; };
		851DC31A2A03B4A00025DD5C /* ProgressPageView.swift in Sources */ = {isa = PBXBuildFile; fileRef = 851DC3192A03B4A00025DD5C /* ProgressPageView.swift */; };
		851DC31C2A0420E90025DD5C /* ArticleModel.swift in Sources */ = {isa = PBXBuildFile; fileRef = 851DC31B2A0420E90025DD5C /* ArticleModel.swift */; };
		8542E0712A04F286000D7A78 /* ArticleViewModel.swift in Sources */ = {isa = PBXBuildFile; fileRef = 8542E0702A04F286000D7A78 /* ArticleViewModel.swift */; };
		8542E0772A0507E4000D7A78 /* BaseApiModel.swift in Sources */ = {isa = PBXBuildFile; fileRef = 8542E0762A0507E4000D7A78 /* BaseApiModel.swift */; };
		856849BA2A056AA600517DDF /* PersistenceController.swift in Sources */ = {isa = PBXBuildFile; fileRef = 856849B92A056AA600517DDF /* PersistenceController.swift */; };
		856849C02A05764C00517DDF /* CoreDataModel.xcdatamodeld in Sources */ = {isa = PBXBuildFile; fileRef = 856849BE2A05764C00517DDF /* CoreDataModel.xcdatamodeld */; };
		858627FE2A02413B0077F60D /* SignInView.swift in Sources */ = {isa = PBXBuildFile; fileRef = 858627FD2A02413B0077F60D /* SignInView.swift */; };
		858628002A02472F0077F60D /* ClearButton.swift in Sources */ = {isa = PBXBuildFile; fileRef = 858627FF2A02472F0077F60D /* ClearButton.swift */; };
		858628022A02505D0077F60D /* SignUpView.swift in Sources */ = {isa = PBXBuildFile; fileRef = 858628012A02505D0077F60D /* SignUpView.swift */; };
		858628042A0258700077F60D /* StringExtension.swift in Sources */ = {isa = PBXBuildFile; fileRef = 858628032A0258700077F60D /* StringExtension.swift */; };
		858628062A0258EA0077F60D /* OtpView.swift in Sources */ = {isa = PBXBuildFile; fileRef = 858628052A0258EA0077F60D /* OtpView.swift */; };
		858628082A03493C0077F60D /* ArticleMainPageView.swift in Sources */ = {isa = PBXBuildFile; fileRef = 858628072A03493C0077F60D /* ArticleMainPageView.swift */; };
		8586280A2A034B100077F60D /* ShortArticleCardView.swift in Sources */ = {isa = PBXBuildFile; fileRef = 858628092A034B100077F60D /* ShortArticleCardView.swift */; };
		8586280C2A034B1D0077F60D /* LongArticleCardView.swift in Sources */ = {isa = PBXBuildFile; fileRef = 8586280B2A034B1D0077F60D /* LongArticleCardView.swift */; };
		8586280E2A0384E20077F60D /* ScreenExtension.swift in Sources */ = {isa = PBXBuildFile; fileRef = 8586280D2A0384E20077F60D /* ScreenExtension.swift */; };
		858628102A0387450077F60D /* Article_SearchPageView.swift in Sources */ = {isa = PBXBuildFile; fileRef = 8586280F2A0387440077F60D /* Article_SearchPageView.swift */; };
		858628122A038DA00077F60D /* ArticleDetailView.swift in Sources */ = {isa = PBXBuildFile; fileRef = 858628112A038DA00077F60D /* ArticleDetailView.swift */; };
		85F8D81629FD86B80012A6D1 /* AESHelper.swift in Sources */ = {isa = PBXBuildFile; fileRef = 85F8D81529FD86B80012A6D1 /* AESHelper.swift */; };
		85F8D8192A003C810012A6D1 /* BreedFetcher.swift in Sources */ = {isa = PBXBuildFile; fileRef = 85F8D8182A003C810012A6D1 /* BreedFetcher.swift */; };
		85F8D81B2A003C970012A6D1 /* APIService.swift in Sources */ = {isa = PBXBuildFile; fileRef = 85F8D81A2A003C970012A6D1 /* APIService.swift */; };
		85F8D81D2A003D190012A6D1 /* Breed.swift in Sources */ = {isa = PBXBuildFile; fileRef = 85F8D81C2A003D190012A6D1 /* Breed.swift */; };
		85F8D81F2A003D740012A6D1 /* ApiError.swift in Sources */ = {isa = PBXBuildFile; fileRef = 85F8D81E2A003D740012A6D1 /* ApiError.swift */; };
		85F8D8212A003FC60012A6D1 /* JsonFileOpener.swift in Sources */ = {isa = PBXBuildFile; fileRef = 85F8D8202A003FC60012A6D1 /* JsonFileOpener.swift */; };
		85F8D8252A0041F00012A6D1 /* article.json in Resources */ = {isa = PBXBuildFile; fileRef = 85F8D8242A0041F00012A6D1 /* article.json */; };
		8F03622F2A04DD5D0085D7F5 /* Profile_TopUpView.swift in Sources */ = {isa = PBXBuildFile; fileRef = 8F03622B2A04DD5D0085D7F5 /* Profile_TopUpView.swift */; };
		8F0362302A04DD5D0085D7F5 /* Profile_TopUpConfirmation.swift in Sources */ = {isa = PBXBuildFile; fileRef = 8F03622C2A04DD5D0085D7F5 /* Profile_TopUpConfirmation.swift */; };
		8F0362312A04DD5D0085D7F5 /* ProfileMainPageView.swift in Sources */ = {isa = PBXBuildFile; fileRef = 8F03622D2A04DD5D0085D7F5 /* ProfileMainPageView.swift */; };
		8F0362352A04DEC70085D7F5 /* Consultation_RedeemCouponView.swift in Sources */ = {isa = PBXBuildFile; fileRef = 8F0362342A04DEC70085D7F5 /* Consultation_RedeemCouponView.swift */; };
		8F03623B2A04E13C0085D7F5 /* BottomConfirmationComponent.swift in Sources */ = {isa = PBXBuildFile; fileRef = 8F0362372A04E13C0085D7F5 /* BottomConfirmationComponent.swift */; };
		8F03623D2A04E13C0085D7F5 /* TopUpAmountComponent.swift in Sources */ = {isa = PBXBuildFile; fileRef = 8F0362392A04E13C0085D7F5 /* TopUpAmountComponent.swift */; };
		8F03623F2A04E1DF0085D7F5 /* LogoComponent.swift in Sources */ = {isa = PBXBuildFile; fileRef = 8F03623E2A04E1DF0085D7F5 /* LogoComponent.swift */; };
		8F3CF28F2A01200E006E03AC /* SubTitleText.swift in Sources */ = {isa = PBXBuildFile; fileRef = 8F3CF28E2A01200E006E03AC /* SubTitleText.swift */; };
		8F3CF2912A01201B006E03AC /* ImageLabel.swift in Sources */ = {isa = PBXBuildFile; fileRef = 8F3CF2902A01201B006E03AC /* ImageLabel.swift */; };
		8F3CF2952A012133006E03AC /* ProfileMenuComponent.swift in Sources */ = {isa = PBXBuildFile; fileRef = 8F3CF2942A012133006E03AC /* ProfileMenuComponent.swift */; };
		8F3CF2972A012182006E03AC /* PaymentSuccessPageView.swift in Sources */ = {isa = PBXBuildFile; fileRef = 8F3CF2962A012182006E03AC /* PaymentSuccessPageView.swift */; };
		AC0338B32A02B0E30010349E /* ChatInteractorProtocol.swift in Sources */ = {isa = PBXBuildFile; fileRef = AC0338B22A02B0E30010349E /* ChatInteractorProtocol.swift */; };
		AC0338B52A02B30B0010349E /* ChatInteractorClass.swift in Sources */ = {isa = PBXBuildFile; fileRef = AC0338B42A02B30B0010349E /* ChatInteractorClass.swift */; };
		AC0338B72A02B55E0010349E /* ChatDataClass.swift in Sources */ = {isa = PBXBuildFile; fileRef = AC0338B62A02B55E0010349E /* ChatDataClass.swift */; };
		AC0338B92A02DC7F0010349E /* ChatRepoExtension.swift in Sources */ = {isa = PBXBuildFile; fileRef = AC0338B82A02DC7F0010349E /* ChatRepoExtension.swift */; };
		AC1AEF172A010DE1006C5F01 /* hiddenTabBar Testing.swift in Sources */ = {isa = PBXBuildFile; fileRef = AC1AEF162A010DE1006C5F01 /* hiddenTabBar Testing.swift */; };
		AC1AEF1A2A0142AE006C5F01 /* Chat in Frameworks */ = {isa = PBXBuildFile; productRef = AC1AEF192A0142AE006C5F01 /* Chat */; };
		AC1AEF1F2A014B28006C5F01 /* ChatExpertView.swift in Sources */ = {isa = PBXBuildFile; fileRef = AC1AEF1E2A014B28006C5F01 /* ChatExpertView.swift */; };
		AC34EDB429FBA063002AED7C /* Consultation_ExpertPaymentView.swift in Sources */ = {isa = PBXBuildFile; fileRef = AC34EDB329FBA063002AED7C /* Consultation_ExpertPaymentView.swift */; };
		AC34EDB629FBCFD5002AED7C /* ConsultationTransactionModel.swift in Sources */ = {isa = PBXBuildFile; fileRef = AC34EDB529FBCFD5002AED7C /* ConsultationTransactionModel.swift */; };
		AC5AEB3929FC0CE800BF64F9 /* CustomPicker.swift in Sources */ = {isa = PBXBuildFile; fileRef = AC5AEB3829FC0CE800BF64F9 /* CustomPicker.swift */; };
		AC5F370E29F50E4800372208 /* Prompt.swift in Sources */ = {isa = PBXBuildFile; fileRef = AC5F370D29F50E4800372208 /* Prompt.swift */; };
		AC5F371029F56BD300372208 /* ConsultationPagePicker.swift in Sources */ = {isa = PBXBuildFile; fileRef = AC5F370F29F56BD300372208 /* ConsultationPagePicker.swift */; };
		AC5F371229F59B4D00372208 /* HomeRootView.swift in Sources */ = {isa = PBXBuildFile; fileRef = AC5F371129F59B4D00372208 /* HomeRootView.swift */; };
		AC5F371429F59C9C00372208 /* ConsultationMainPageView.swift in Sources */ = {isa = PBXBuildFile; fileRef = AC5F371329F59C9C00372208 /* ConsultationMainPageView.swift */; };
		AC5F371629F5A43300372208 /* ExpertRepository.swift in Sources */ = {isa = PBXBuildFile; fileRef = AC5F371529F5A43300372208 /* ExpertRepository.swift */; };
		AC5F371829F6F04900372208 /* RoundedShape.swift in Sources */ = {isa = PBXBuildFile; fileRef = AC5F371729F6F04900372208 /* RoundedShape.swift */; };
		AC5F371A29F822D400372208 /* Consultation_ExpertDetailView.swift in Sources */ = {isa = PBXBuildFile; fileRef = AC5F371929F822D300372208 /* Consultation_ExpertDetailView.swift */; };
		AC5F371C29F84A3D00372208 /* ExpertDetailImage.swift in Sources */ = {isa = PBXBuildFile; fileRef = AC5F371B29F84A3D00372208 /* ExpertDetailImage.swift */; };
		AC5F371E29F8573000372208 /* ExpertDetailVerticalTrait.swift in Sources */ = {isa = PBXBuildFile; fileRef = AC5F371D29F8573000372208 /* ExpertDetailVerticalTrait.swift */; };
		AC5F372029F912C200372208 /* TestingScrollView.swift in Sources */ = {isa = PBXBuildFile; fileRef = AC5F371F29F912C200372208 /* TestingScrollView.swift */; };
		AC5F372329F9212B00372208 /* TestingOnboarding.swift in Sources */ = {isa = PBXBuildFile; fileRef = AC5F372229F9212B00372208 /* TestingOnboarding.swift */; };
		AC5F372529F95FA400372208 /* ExpertGridView.swift in Sources */ = {isa = PBXBuildFile; fileRef = AC5F372429F95FA400372208 /* ExpertGridView.swift */; };
		AC5F372729F966AD00372208 /* Consultation_SearchPageComponent.swift in Sources */ = {isa = PBXBuildFile; fileRef = AC5F372629F966AD00372208 /* Consultation_SearchPageComponent.swift */; };
		AC5F372B29FA858000372208 /* LoadingPageView.swift in Sources */ = {isa = PBXBuildFile; fileRef = AC5F372A29FA858000372208 /* LoadingPageView.swift */; };
		AC5F372D29FA861900372208 /* HexToColor.swift in Sources */ = {isa = PBXBuildFile; fileRef = AC5F372C29FA861900372208 /* HexToColor.swift */; };
		AC97A51729FFB25D00B66A67 /* PaymentTypeHelper.swift in Sources */ = {isa = PBXBuildFile; fileRef = AC97A51629FFB25D00B66A67 /* PaymentTypeHelper.swift */; };
		AC9FF96129FD9007008766E8 /* OnGoingMainConsultationView.swift in Sources */ = {isa = PBXBuildFile; fileRef = AC9FF96029FD9007008766E8 /* OnGoingMainConsultationView.swift */; };
		AC9FF96329FD9156008766E8 /* TransactionRepository.swift in Sources */ = {isa = PBXBuildFile; fileRef = AC9FF96229FD9156008766E8 /* TransactionRepository.swift */; };
		AC9FF96529FD9FB7008766E8 /* DateFormatter.swift in Sources */ = {isa = PBXBuildFile; fileRef = AC9FF96429FD9FB7008766E8 /* DateFormatter.swift */; };
		AC9FF96729FE9B35008766E8 /* ConsultationDetailView.swift in Sources */ = {isa = PBXBuildFile; fileRef = AC9FF96629FE9B35008766E8 /* ConsultationDetailView.swift */; };
		AC9FF96A29FEA0A0008766E8 /* TransactionDetailViewComponent.swift in Sources */ = {isa = PBXBuildFile; fileRef = AC9FF96929FEA0A0008766E8 /* TransactionDetailViewComponent.swift */; };
		AC9FF96C29FEA295008766E8 /* StarRatingComponent.swift in Sources */ = {isa = PBXBuildFile; fileRef = AC9FF96B29FEA295008766E8 /* StarRatingComponent.swift */; };
		ACA8410C2A04FD8A001E3127 /* ConsultationSearchPage.swift in Sources */ = {isa = PBXBuildFile; fileRef = ACA8410B2A04FD8A001E3127 /* ConsultationSearchPage.swift */; };
		ACC826CB29F42281004423C8 /* parenthingsViewModel.swift in Sources */ = {isa = PBXBuildFile; fileRef = ACC826CA29F42281004423C8 /* parenthingsViewModel.swift */; };
		ACC826CD29F42529004423C8 /* EncodedBase64Extension.swift in Sources */ = {isa = PBXBuildFile; fileRef = ACC826CC29F42529004423C8 /* EncodedBase64Extension.swift */; };
		ACC826CF29F455EC004423C8 /* ImageExtension.swift in Sources */ = {isa = PBXBuildFile; fileRef = ACC826CE29F455EC004423C8 /* ImageExtension.swift */; };
		ACDE995E29FD51B200E32E5A /* SignInPopUPView.swift in Sources */ = {isa = PBXBuildFile; fileRef = ACDE995D29FD51B200E32E5A /* SignInPopUPView.swift */; };
		ACEA1BDE2A06216900D7C411 /* ExpertViewModel.swift in Sources */ = {isa = PBXBuildFile; fileRef = ACEA1BDC2A06216900D7C411 /* ExpertViewModel.swift */; };
		ACEA1BDF2A06216900D7C411 /* UserViewModel.swift in Sources */ = {isa = PBXBuildFile; fileRef = ACEA1BDD2A06216900D7C411 /* UserViewModel.swift */; };
		ACEA1BE12A06217800D7C411 /* ExpertAPIModel.swift in Sources */ = {isa = PBXBuildFile; fileRef = ACEA1BE02A06217800D7C411 /* ExpertAPIModel.swift */; };
		ACEA1BE32A062B6A00D7C411 /* ExpertEducationAPIModel.swift in Sources */ = {isa = PBXBuildFile; fileRef = ACEA1BE22A062B6A00D7C411 /* ExpertEducationAPIModel.swift */; };
		ACEA1BE72A062BEC00D7C411 /* ExpertExperience.swift in Sources */ = {isa = PBXBuildFile; fileRef = ACEA1BE62A062BEC00D7C411 /* ExpertExperience.swift */; };
		ACEA1BE92A0631AD00D7C411 /* ExpertEducationViewModel.swift in Sources */ = {isa = PBXBuildFile; fileRef = ACEA1BE82A0631AD00D7C411 /* ExpertEducationViewModel.swift */; };
		ACF7F5DF29FC449C0059F323 /* UserModel.swift in Sources */ = {isa = PBXBuildFile; fileRef = ACF7F5DE29FC449C0059F323 /* UserModel.swift */; };
		ACF7F5E129FC4BCD0059F323 /* LazyVGridPaymentType.swift in Sources */ = {isa = PBXBuildFile; fileRef = ACF7F5E029FC4BCD0059F323 /* LazyVGridPaymentType.swift */; };
		ACFB982529F187A20046BA06 /* MiniChallenge_Parenthings_6App.swift in Sources */ = {isa = PBXBuildFile; fileRef = ACFB982429F187A20046BA06 /* MiniChallenge_Parenthings_6App.swift */; };
		ACFB982729F187A20046BA06 /* ContentView.swift in Sources */ = {isa = PBXBuildFile; fileRef = ACFB982629F187A20046BA06 /* ContentView.swift */; };
		ACFB982929F187A30046BA06 /* Assets.xcassets in Resources */ = {isa = PBXBuildFile; fileRef = ACFB982829F187A30046BA06 /* Assets.xcassets */; };
		ACFB982C29F187A30046BA06 /* Preview Assets.xcassets in Resources */ = {isa = PBXBuildFile; fileRef = ACFB982B29F187A30046BA06 /* Preview Assets.xcassets */; };
		ACFB983D29F1888D0046BA06 /* ColorPallete.swift in Sources */ = {isa = PBXBuildFile; fileRef = ACFB983C29F1888D0046BA06 /* ColorPallete.swift */; };
		ACFB984029F188CC0046BA06 /* CustomNavigationBar.swift in Sources */ = {isa = PBXBuildFile; fileRef = ACFB983F29F188CC0046BA06 /* CustomNavigationBar.swift */; };
		ACFB984229F18A9B0046BA06 /* TestGround.swift in Sources */ = {isa = PBXBuildFile; fileRef = ACFB984129F18A9B0046BA06 /* TestGround.swift */; };
		ACFB984429F1BDF00046BA06 /* SearchBarComponent.swift in Sources */ = {isa = PBXBuildFile; fileRef = ACFB984329F1BDF00046BA06 /* SearchBarComponent.swift */; };
		ACFB984729F270250046BA06 /* AppBackground.swift in Sources */ = {isa = PBXBuildFile; fileRef = ACFB984629F270250046BA06 /* AppBackground.swift */; };
		ACFB984929F272BB0046BA06 /* BlurBackground.swift in Sources */ = {isa = PBXBuildFile; fileRef = ACFB984829F272BB0046BA06 /* BlurBackground.swift */; };
		ACFB984B29F2D6E20046BA06 /* LongExpertCardView.swift in Sources */ = {isa = PBXBuildFile; fileRef = ACFB984A29F2D6E20046BA06 /* LongExpertCardView.swift */; };
		ACFB985229F2D9100046BA06 /* Expert.swift in Sources */ = {isa = PBXBuildFile; fileRef = ACFB985129F2D9100046BA06 /* Expert.swift */; };
		ACFB985729F2DAF80046BA06 /* ShortExpertCardView.swift in Sources */ = {isa = PBXBuildFile; fileRef = ACFB985629F2DAF80046BA06 /* ShortExpertCardView.swift */; };
		ACFB985929F2E7730046BA06 /* CountStartViewComponent.swift in Sources */ = {isa = PBXBuildFile; fileRef = ACFB985829F2E7730046BA06 /* CountStartViewComponent.swift */; };
/* End PBXBuildFile section */

/* Begin PBXFileReference section */
		835819C42A05216700F31638 /* LogOutButtonComponent.swift */ = {isa = PBXFileReference; fileEncoding = 4; lastKnownFileType = sourcecode.swift; path = LogOutButtonComponent.swift; sourceTree = "<group>"; };
		851DC3132A03A8490025DD5C /* DataExtension.swift */ = {isa = PBXFileReference; lastKnownFileType = sourcecode.swift; path = DataExtension.swift; sourceTree = "<group>"; };
		851DC3172A03A8EB0025DD5C /* UserApiModel.swift */ = {isa = PBXFileReference; lastKnownFileType = sourcecode.swift; path = UserApiModel.swift; sourceTree = "<group>"; };
		851DC3192A03B4A00025DD5C /* ProgressPageView.swift */ = {isa = PBXFileReference; lastKnownFileType = sourcecode.swift; path = ProgressPageView.swift; sourceTree = "<group>"; };
		851DC31B2A0420E90025DD5C /* ArticleModel.swift */ = {isa = PBXFileReference; lastKnownFileType = sourcecode.swift; path = ArticleModel.swift; sourceTree = "<group>"; };
		8542E0702A04F286000D7A78 /* ArticleViewModel.swift */ = {isa = PBXFileReference; lastKnownFileType = sourcecode.swift; path = ArticleViewModel.swift; sourceTree = "<group>"; };
		8542E0762A0507E4000D7A78 /* BaseApiModel.swift */ = {isa = PBXFileReference; lastKnownFileType = sourcecode.swift; path = BaseApiModel.swift; sourceTree = "<group>"; };
		856849B92A056AA600517DDF /* PersistenceController.swift */ = {isa = PBXFileReference; lastKnownFileType = sourcecode.swift; path = PersistenceController.swift; sourceTree = "<group>"; };
		856849BF2A05764C00517DDF /* CoreDataModel.xcdatamodel */ = {isa = PBXFileReference; lastKnownFileType = wrapper.xcdatamodel; path = CoreDataModel.xcdatamodel; sourceTree = "<group>"; };
		858627FD2A02413B0077F60D /* SignInView.swift */ = {isa = PBXFileReference; lastKnownFileType = sourcecode.swift; path = SignInView.swift; sourceTree = "<group>"; };
		858627FF2A02472F0077F60D /* ClearButton.swift */ = {isa = PBXFileReference; lastKnownFileType = sourcecode.swift; path = ClearButton.swift; sourceTree = "<group>"; };
		858628012A02505D0077F60D /* SignUpView.swift */ = {isa = PBXFileReference; lastKnownFileType = sourcecode.swift; path = SignUpView.swift; sourceTree = "<group>"; };
		858628032A0258700077F60D /* StringExtension.swift */ = {isa = PBXFileReference; lastKnownFileType = sourcecode.swift; path = StringExtension.swift; sourceTree = "<group>"; };
		858628052A0258EA0077F60D /* OtpView.swift */ = {isa = PBXFileReference; lastKnownFileType = sourcecode.swift; path = OtpView.swift; sourceTree = "<group>"; };
		858628072A03493C0077F60D /* ArticleMainPageView.swift */ = {isa = PBXFileReference; lastKnownFileType = sourcecode.swift; path = ArticleMainPageView.swift; sourceTree = "<group>"; };
		858628092A034B100077F60D /* ShortArticleCardView.swift */ = {isa = PBXFileReference; lastKnownFileType = sourcecode.swift; path = ShortArticleCardView.swift; sourceTree = "<group>"; };
		8586280B2A034B1D0077F60D /* LongArticleCardView.swift */ = {isa = PBXFileReference; lastKnownFileType = sourcecode.swift; path = LongArticleCardView.swift; sourceTree = "<group>"; };
		8586280D2A0384E20077F60D /* ScreenExtension.swift */ = {isa = PBXFileReference; lastKnownFileType = sourcecode.swift; path = ScreenExtension.swift; sourceTree = "<group>"; };
		8586280F2A0387440077F60D /* Article_SearchPageView.swift */ = {isa = PBXFileReference; lastKnownFileType = sourcecode.swift; path = Article_SearchPageView.swift; sourceTree = "<group>"; };
		858628112A038DA00077F60D /* ArticleDetailView.swift */ = {isa = PBXFileReference; lastKnownFileType = sourcecode.swift; path = ArticleDetailView.swift; sourceTree = "<group>"; };
		85F8D81529FD86B80012A6D1 /* AESHelper.swift */ = {isa = PBXFileReference; lastKnownFileType = sourcecode.swift; path = AESHelper.swift; sourceTree = "<group>"; };
		85F8D8182A003C810012A6D1 /* BreedFetcher.swift */ = {isa = PBXFileReference; lastKnownFileType = sourcecode.swift; path = BreedFetcher.swift; sourceTree = "<group>"; };
		85F8D81A2A003C970012A6D1 /* APIService.swift */ = {isa = PBXFileReference; lastKnownFileType = sourcecode.swift; path = APIService.swift; sourceTree = "<group>"; };
		85F8D81C2A003D190012A6D1 /* Breed.swift */ = {isa = PBXFileReference; lastKnownFileType = sourcecode.swift; path = Breed.swift; sourceTree = "<group>"; };
		85F8D81E2A003D740012A6D1 /* ApiError.swift */ = {isa = PBXFileReference; lastKnownFileType = sourcecode.swift; path = ApiError.swift; sourceTree = "<group>"; };
		85F8D8202A003FC60012A6D1 /* JsonFileOpener.swift */ = {isa = PBXFileReference; lastKnownFileType = sourcecode.swift; path = JsonFileOpener.swift; sourceTree = "<group>"; };
		85F8D8242A0041F00012A6D1 /* article.json */ = {isa = PBXFileReference; fileEncoding = 4; lastKnownFileType = text.json; name = article.json; path = "MiniChallenge-Parenthings-6/article.json"; sourceTree = SOURCE_ROOT; };
		8F03622B2A04DD5D0085D7F5 /* Profile_TopUpView.swift */ = {isa = PBXFileReference; fileEncoding = 4; lastKnownFileType = sourcecode.swift; path = Profile_TopUpView.swift; sourceTree = "<group>"; };
		8F03622C2A04DD5D0085D7F5 /* Profile_TopUpConfirmation.swift */ = {isa = PBXFileReference; fileEncoding = 4; lastKnownFileType = sourcecode.swift; path = Profile_TopUpConfirmation.swift; sourceTree = "<group>"; };
		8F03622D2A04DD5D0085D7F5 /* ProfileMainPageView.swift */ = {isa = PBXFileReference; fileEncoding = 4; lastKnownFileType = sourcecode.swift; path = ProfileMainPageView.swift; sourceTree = "<group>"; };
		8F0362342A04DEC70085D7F5 /* Consultation_RedeemCouponView.swift */ = {isa = PBXFileReference; fileEncoding = 4; lastKnownFileType = sourcecode.swift; path = Consultation_RedeemCouponView.swift; sourceTree = "<group>"; };
		8F0362372A04E13C0085D7F5 /* BottomConfirmationComponent.swift */ = {isa = PBXFileReference; fileEncoding = 4; lastKnownFileType = sourcecode.swift; path = BottomConfirmationComponent.swift; sourceTree = "<group>"; };
		8F0362392A04E13C0085D7F5 /* TopUpAmountComponent.swift */ = {isa = PBXFileReference; fileEncoding = 4; lastKnownFileType = sourcecode.swift; path = TopUpAmountComponent.swift; sourceTree = "<group>"; };
		8F03623E2A04E1DF0085D7F5 /* LogoComponent.swift */ = {isa = PBXFileReference; fileEncoding = 4; lastKnownFileType = sourcecode.swift; path = LogoComponent.swift; sourceTree = "<group>"; };
		8F3CF28E2A01200E006E03AC /* SubTitleText.swift */ = {isa = PBXFileReference; lastKnownFileType = sourcecode.swift; path = SubTitleText.swift; sourceTree = "<group>"; };
		8F3CF2902A01201B006E03AC /* ImageLabel.swift */ = {isa = PBXFileReference; lastKnownFileType = sourcecode.swift; path = ImageLabel.swift; sourceTree = "<group>"; };
		8F3CF2942A012133006E03AC /* ProfileMenuComponent.swift */ = {isa = PBXFileReference; lastKnownFileType = sourcecode.swift; path = ProfileMenuComponent.swift; sourceTree = "<group>"; };
		8F3CF2962A012182006E03AC /* PaymentSuccessPageView.swift */ = {isa = PBXFileReference; lastKnownFileType = sourcecode.swift; path = PaymentSuccessPageView.swift; sourceTree = "<group>"; };
		AC0338B22A02B0E30010349E /* ChatInteractorProtocol.swift */ = {isa = PBXFileReference; lastKnownFileType = sourcecode.swift; path = ChatInteractorProtocol.swift; sourceTree = "<group>"; };
		AC0338B42A02B30B0010349E /* ChatInteractorClass.swift */ = {isa = PBXFileReference; lastKnownFileType = sourcecode.swift; path = ChatInteractorClass.swift; sourceTree = "<group>"; };
		AC0338B62A02B55E0010349E /* ChatDataClass.swift */ = {isa = PBXFileReference; lastKnownFileType = sourcecode.swift; path = ChatDataClass.swift; sourceTree = "<group>"; };
		AC0338B82A02DC7F0010349E /* ChatRepoExtension.swift */ = {isa = PBXFileReference; lastKnownFileType = sourcecode.swift; path = ChatRepoExtension.swift; sourceTree = "<group>"; };
		AC1AEF162A010DE1006C5F01 /* hiddenTabBar Testing.swift */ = {isa = PBXFileReference; lastKnownFileType = sourcecode.swift; path = "hiddenTabBar Testing.swift"; sourceTree = "<group>"; };
		AC1AEF1E2A014B28006C5F01 /* ChatExpertView.swift */ = {isa = PBXFileReference; lastKnownFileType = sourcecode.swift; path = ChatExpertView.swift; sourceTree = "<group>"; };
		AC34EDB329FBA063002AED7C /* Consultation_ExpertPaymentView.swift */ = {isa = PBXFileReference; lastKnownFileType = sourcecode.swift; path = Consultation_ExpertPaymentView.swift; sourceTree = "<group>"; };
		AC34EDB529FBCFD5002AED7C /* ConsultationTransactionModel.swift */ = {isa = PBXFileReference; lastKnownFileType = sourcecode.swift; path = ConsultationTransactionModel.swift; sourceTree = "<group>"; };
		AC5AEB3829FC0CE800BF64F9 /* CustomPicker.swift */ = {isa = PBXFileReference; lastKnownFileType = sourcecode.swift; path = CustomPicker.swift; sourceTree = "<group>"; };
		AC5F370D29F50E4800372208 /* Prompt.swift */ = {isa = PBXFileReference; lastKnownFileType = sourcecode.swift; path = Prompt.swift; sourceTree = "<group>"; };
		AC5F370F29F56BD300372208 /* ConsultationPagePicker.swift */ = {isa = PBXFileReference; lastKnownFileType = sourcecode.swift; path = ConsultationPagePicker.swift; sourceTree = "<group>"; };
		AC5F371129F59B4D00372208 /* HomeRootView.swift */ = {isa = PBXFileReference; lastKnownFileType = sourcecode.swift; path = HomeRootView.swift; sourceTree = "<group>"; };
		AC5F371329F59C9C00372208 /* ConsultationMainPageView.swift */ = {isa = PBXFileReference; lastKnownFileType = sourcecode.swift; path = ConsultationMainPageView.swift; sourceTree = "<group>"; };
		AC5F371529F5A43300372208 /* ExpertRepository.swift */ = {isa = PBXFileReference; lastKnownFileType = sourcecode.swift; path = ExpertRepository.swift; sourceTree = "<group>"; };
		AC5F371729F6F04900372208 /* RoundedShape.swift */ = {isa = PBXFileReference; lastKnownFileType = sourcecode.swift; name = RoundedShape.swift; path = "MiniChallenge-Parenthings-6/Features/Parenthings/Presenters/Components/RoundedShape.swift"; sourceTree = SOURCE_ROOT; };
		AC5F371929F822D300372208 /* Consultation_ExpertDetailView.swift */ = {isa = PBXFileReference; lastKnownFileType = sourcecode.swift; path = Consultation_ExpertDetailView.swift; sourceTree = "<group>"; };
		AC5F371B29F84A3D00372208 /* ExpertDetailImage.swift */ = {isa = PBXFileReference; lastKnownFileType = sourcecode.swift; path = ExpertDetailImage.swift; sourceTree = "<group>"; };
		AC5F371D29F8573000372208 /* ExpertDetailVerticalTrait.swift */ = {isa = PBXFileReference; lastKnownFileType = sourcecode.swift; path = ExpertDetailVerticalTrait.swift; sourceTree = "<group>"; };
		AC5F371F29F912C200372208 /* TestingScrollView.swift */ = {isa = PBXFileReference; lastKnownFileType = sourcecode.swift; path = TestingScrollView.swift; sourceTree = "<group>"; };
		AC5F372129F9161B00372208 /* TestingSwift.playground */ = {isa = PBXFileReference; lastKnownFileType = file.playground; path = TestingSwift.playground; sourceTree = "<group>"; xcLanguageSpecificationIdentifier = xcode.lang.swift; };
		AC5F372229F9212B00372208 /* TestingOnboarding.swift */ = {isa = PBXFileReference; lastKnownFileType = sourcecode.swift; path = TestingOnboarding.swift; sourceTree = "<group>"; };
		AC5F372429F95FA400372208 /* ExpertGridView.swift */ = {isa = PBXFileReference; lastKnownFileType = sourcecode.swift; path = ExpertGridView.swift; sourceTree = "<group>"; };
		AC5F372629F966AD00372208 /* Consultation_SearchPageComponent.swift */ = {isa = PBXFileReference; lastKnownFileType = sourcecode.swift; path = Consultation_SearchPageComponent.swift; sourceTree = "<group>"; };
		AC5F372A29FA858000372208 /* LoadingPageView.swift */ = {isa = PBXFileReference; lastKnownFileType = sourcecode.swift; path = LoadingPageView.swift; sourceTree = "<group>"; };
		AC5F372C29FA861900372208 /* HexToColor.swift */ = {isa = PBXFileReference; lastKnownFileType = sourcecode.swift; path = HexToColor.swift; sourceTree = "<group>"; };
		AC97A51629FFB25D00B66A67 /* PaymentTypeHelper.swift */ = {isa = PBXFileReference; lastKnownFileType = sourcecode.swift; path = PaymentTypeHelper.swift; sourceTree = "<group>"; };
		AC9FF96029FD9007008766E8 /* OnGoingMainConsultationView.swift */ = {isa = PBXFileReference; lastKnownFileType = sourcecode.swift; path = OnGoingMainConsultationView.swift; sourceTree = "<group>"; };
		AC9FF96229FD9156008766E8 /* TransactionRepository.swift */ = {isa = PBXFileReference; lastKnownFileType = sourcecode.swift; path = TransactionRepository.swift; sourceTree = "<group>"; };
		AC9FF96429FD9FB7008766E8 /* DateFormatter.swift */ = {isa = PBXFileReference; lastKnownFileType = sourcecode.swift; path = DateFormatter.swift; sourceTree = "<group>"; };
		AC9FF96629FE9B35008766E8 /* ConsultationDetailView.swift */ = {isa = PBXFileReference; lastKnownFileType = sourcecode.swift; path = ConsultationDetailView.swift; sourceTree = "<group>"; };
		AC9FF96929FEA0A0008766E8 /* TransactionDetailViewComponent.swift */ = {isa = PBXFileReference; lastKnownFileType = sourcecode.swift; path = TransactionDetailViewComponent.swift; sourceTree = "<group>"; };
		AC9FF96B29FEA295008766E8 /* StarRatingComponent.swift */ = {isa = PBXFileReference; lastKnownFileType = sourcecode.swift; path = StarRatingComponent.swift; sourceTree = "<group>"; };
		ACA8410B2A04FD8A001E3127 /* ConsultationSearchPage.swift */ = {isa = PBXFileReference; lastKnownFileType = sourcecode.swift; path = ConsultationSearchPage.swift; sourceTree = "<group>"; };
		ACC826CA29F42281004423C8 /* parenthingsViewModel.swift */ = {isa = PBXFileReference; lastKnownFileType = sourcecode.swift; path = parenthingsViewModel.swift; sourceTree = "<group>"; };
		ACC826CC29F42529004423C8 /* EncodedBase64Extension.swift */ = {isa = PBXFileReference; lastKnownFileType = sourcecode.swift; path = EncodedBase64Extension.swift; sourceTree = "<group>"; };
		ACC826CE29F455EC004423C8 /* ImageExtension.swift */ = {isa = PBXFileReference; lastKnownFileType = sourcecode.swift; path = ImageExtension.swift; sourceTree = "<group>"; };
		ACDE995D29FD51B200E32E5A /* SignInPopUPView.swift */ = {isa = PBXFileReference; lastKnownFileType = sourcecode.swift; path = SignInPopUPView.swift; sourceTree = "<group>"; };
		ACEA1BDC2A06216900D7C411 /* ExpertViewModel.swift */ = {isa = PBXFileReference; fileEncoding = 4; lastKnownFileType = sourcecode.swift; path = ExpertViewModel.swift; sourceTree = "<group>"; };
		ACEA1BDD2A06216900D7C411 /* UserViewModel.swift */ = {isa = PBXFileReference; fileEncoding = 4; lastKnownFileType = sourcecode.swift; path = UserViewModel.swift; sourceTree = "<group>"; };
		ACEA1BE02A06217800D7C411 /* ExpertAPIModel.swift */ = {isa = PBXFileReference; fileEncoding = 4; lastKnownFileType = sourcecode.swift; path = ExpertAPIModel.swift; sourceTree = "<group>"; };
		ACEA1BE22A062B6A00D7C411 /* ExpertEducationAPIModel.swift */ = {isa = PBXFileReference; lastKnownFileType = sourcecode.swift; path = ExpertEducationAPIModel.swift; sourceTree = "<group>"; };
		ACEA1BE62A062BEC00D7C411 /* ExpertExperience.swift */ = {isa = PBXFileReference; lastKnownFileType = sourcecode.swift; path = ExpertExperience.swift; sourceTree = "<group>"; };
		ACEA1BE82A0631AD00D7C411 /* ExpertEducationViewModel.swift */ = {isa = PBXFileReference; lastKnownFileType = sourcecode.swift; path = ExpertEducationViewModel.swift; sourceTree = "<group>"; };
		ACF7F5DE29FC449C0059F323 /* UserModel.swift */ = {isa = PBXFileReference; lastKnownFileType = sourcecode.swift; path = UserModel.swift; sourceTree = "<group>"; };
		ACF7F5E029FC4BCD0059F323 /* LazyVGridPaymentType.swift */ = {isa = PBXFileReference; lastKnownFileType = sourcecode.swift; path = LazyVGridPaymentType.swift; sourceTree = "<group>"; };
		ACFB982129F187A20046BA06 /* MiniChallenge-Parenthings-6.app */ = {isa = PBXFileReference; explicitFileType = wrapper.application; includeInIndex = 0; path = "MiniChallenge-Parenthings-6.app"; sourceTree = BUILT_PRODUCTS_DIR; };
		ACFB982429F187A20046BA06 /* MiniChallenge_Parenthings_6App.swift */ = {isa = PBXFileReference; lastKnownFileType = sourcecode.swift; path = MiniChallenge_Parenthings_6App.swift; sourceTree = "<group>"; };
		ACFB982629F187A20046BA06 /* ContentView.swift */ = {isa = PBXFileReference; lastKnownFileType = sourcecode.swift; path = ContentView.swift; sourceTree = "<group>"; };
		ACFB982829F187A30046BA06 /* Assets.xcassets */ = {isa = PBXFileReference; lastKnownFileType = folder.assetcatalog; path = Assets.xcassets; sourceTree = "<group>"; };
		ACFB982B29F187A30046BA06 /* Preview Assets.xcassets */ = {isa = PBXFileReference; lastKnownFileType = folder.assetcatalog; path = "Preview Assets.xcassets"; sourceTree = "<group>"; };
		ACFB983C29F1888D0046BA06 /* ColorPallete.swift */ = {isa = PBXFileReference; lastKnownFileType = sourcecode.swift; path = ColorPallete.swift; sourceTree = "<group>"; };
		ACFB983F29F188CC0046BA06 /* CustomNavigationBar.swift */ = {isa = PBXFileReference; lastKnownFileType = sourcecode.swift; path = CustomNavigationBar.swift; sourceTree = "<group>"; };
		ACFB984129F18A9B0046BA06 /* TestGround.swift */ = {isa = PBXFileReference; lastKnownFileType = sourcecode.swift; path = TestGround.swift; sourceTree = "<group>"; };
		ACFB984329F1BDF00046BA06 /* SearchBarComponent.swift */ = {isa = PBXFileReference; lastKnownFileType = sourcecode.swift; path = SearchBarComponent.swift; sourceTree = "<group>"; };
		ACFB984629F270250046BA06 /* AppBackground.swift */ = {isa = PBXFileReference; lastKnownFileType = sourcecode.swift; path = AppBackground.swift; sourceTree = "<group>"; };
		ACFB984829F272BB0046BA06 /* BlurBackground.swift */ = {isa = PBXFileReference; lastKnownFileType = sourcecode.swift; path = BlurBackground.swift; sourceTree = "<group>"; };
		ACFB984A29F2D6E20046BA06 /* LongExpertCardView.swift */ = {isa = PBXFileReference; lastKnownFileType = sourcecode.swift; path = LongExpertCardView.swift; sourceTree = "<group>"; };
		ACFB985129F2D9100046BA06 /* Expert.swift */ = {isa = PBXFileReference; lastKnownFileType = sourcecode.swift; path = Expert.swift; sourceTree = "<group>"; };
		ACFB985629F2DAF80046BA06 /* ShortExpertCardView.swift */ = {isa = PBXFileReference; lastKnownFileType = sourcecode.swift; path = ShortExpertCardView.swift; sourceTree = "<group>"; };
		ACFB985829F2E7730046BA06 /* CountStartViewComponent.swift */ = {isa = PBXFileReference; lastKnownFileType = sourcecode.swift; path = CountStartViewComponent.swift; sourceTree = "<group>"; };
/* End PBXFileReference section */

/* Begin PBXFrameworksBuildPhase section */
		ACFB981E29F187A20046BA06 /* Frameworks */ = {
			isa = PBXFrameworksBuildPhase;
			buildActionMask = 2147483647;
			files = (
				AC1AEF1A2A0142AE006C5F01 /* Chat in Frameworks */,
			);
			runOnlyForDeploymentPostprocessing = 0;
		};
/* End PBXFrameworksBuildPhase section */

/* Begin PBXGroup section */
		851DC3162A03A8DF0025DD5C /* Api */ = {
			isa = PBXGroup;
			children = (
				851DC3172A03A8EB0025DD5C /* UserApiModel.swift */,
				ACEA1BE42A062B7100D7C411 /* Expert */,
			);
			path = Api;
			sourceTree = "<group>";
		};
		8542E0722A0501BE000D7A78 /* CoreData */ = {
			isa = PBXGroup;
			children = (
				856849BE2A05764C00517DDF /* CoreDataModel.xcdatamodeld */,
				856849B92A056AA600517DDF /* PersistenceController.swift */,
			);
			path = CoreData;
			sourceTree = "<group>";
		};
		85F8D8172A0034590012A6D1 /* Network */ = {
			isa = PBXGroup;
			children = (
				85F8D8182A003C810012A6D1 /* BreedFetcher.swift */,
				85F8D81A2A003C970012A6D1 /* APIService.swift */,
				85F8D81C2A003D190012A6D1 /* Breed.swift */,
				85F8D81E2A003D740012A6D1 /* ApiError.swift */,
				85F8D8202A003FC60012A6D1 /* JsonFileOpener.swift */,
			);
			path = Network;
			sourceTree = "<group>";
		};
		8F3CF28D2A011FFB006E03AC /* Text */ = {
			isa = PBXGroup;
			children = (
				8F3CF28E2A01200E006E03AC /* SubTitleText.swift */,
				8F3CF2902A01201B006E03AC /* ImageLabel.swift */,
			);
			path = Text;
			sourceTree = "<group>";
		};
		AC0338B12A02B0D40010349E /* ChatHelper */ = {
			isa = PBXGroup;
			children = (
				AC0338B22A02B0E30010349E /* ChatInteractorProtocol.swift */,
				AC0338B42A02B30B0010349E /* ChatInteractorClass.swift */,
				AC0338B62A02B55E0010349E /* ChatDataClass.swift */,
			);
			path = ChatHelper;
			sourceTree = "<group>";
		};
		ACC826C929F41D88004423C8 /* Extensions */ = {
			isa = PBXGroup;
			children = (
				ACC826CC29F42529004423C8 /* EncodedBase64Extension.swift */,
				ACC826CE29F455EC004423C8 /* ImageExtension.swift */,
				AC5F372C29FA861900372208 /* HexToColor.swift */,
				AC9FF96429FD9FB7008766E8 /* DateFormatter.swift */,
				858628032A0258700077F60D /* StringExtension.swift */,
				AC0338B82A02DC7F0010349E /* ChatRepoExtension.swift */,
				8586280D2A0384E20077F60D /* ScreenExtension.swift */,
				851DC3132A03A8490025DD5C /* DataExtension.swift */,
			);
			path = Extensions;
			sourceTree = "<group>";
		};
		ACEA1BE42A062B7100D7C411 /* Expert */ = {
			isa = PBXGroup;
			children = (
				ACEA1BE02A06217800D7C411 /* ExpertAPIModel.swift */,
				ACEA1BE22A062B6A00D7C411 /* ExpertEducationAPIModel.swift */,
				ACEA1BE62A062BEC00D7C411 /* ExpertExperience.swift */,
			);
			path = Expert;
			sourceTree = "<group>";
		};
		ACFB981829F187A20046BA06 = {
			isa = PBXGroup;
			children = (
				ACFB982329F187A20046BA06 /* MiniChallenge-Parenthings-6 */,
				ACFB982229F187A20046BA06 /* Products */,
			);
			sourceTree = "<group>";
		};
		ACFB982229F187A20046BA06 /* Products */ = {
			isa = PBXGroup;
			children = (
				ACFB982129F187A20046BA06 /* MiniChallenge-Parenthings-6.app */,
			);
			name = Products;
			sourceTree = "<group>";
		};
		ACFB982329F187A20046BA06 /* MiniChallenge-Parenthings-6 */ = {
			isa = PBXGroup;
			children = (
				85F8D8242A0041F00012A6D1 /* article.json */,
				ACFB983229F187AF0046BA06 /* Application */,
				ACFB983329F187C20046BA06 /* Core */,
				ACFB984C29F2D89B0046BA06 /* Features */,
				ACFB982A29F187A30046BA06 /* Preview Content */,
			);
			path = "MiniChallenge-Parenthings-6";
			sourceTree = "<group>";
		};
		ACFB982A29F187A30046BA06 /* Preview Content */ = {
			isa = PBXGroup;
			children = (
				ACFB984129F18A9B0046BA06 /* TestGround.swift */,
				AC5F371F29F912C200372208 /* TestingScrollView.swift */,
				AC5F372129F9161B00372208 /* TestingSwift.playground */,
				ACFB982B29F187A30046BA06 /* Preview Assets.xcassets */,
				AC5F372229F9212B00372208 /* TestingOnboarding.swift */,
				AC1AEF162A010DE1006C5F01 /* hiddenTabBar Testing.swift */,
			);
			path = "Preview Content";
			sourceTree = "<group>";
		};
		ACFB983229F187AF0046BA06 /* Application */ = {
			isa = PBXGroup;
			children = (
				ACFB982429F187A20046BA06 /* MiniChallenge_Parenthings_6App.swift */,
				ACFB982629F187A20046BA06 /* ContentView.swift */,
			);
			path = Application;
			sourceTree = "<group>";
		};
		ACFB983329F187C20046BA06 /* Core */ = {
			isa = PBXGroup;
			children = (
				8542E0722A0501BE000D7A78 /* CoreData */,
				85F8D8172A0034590012A6D1 /* Network */,
				ACC826C929F41D88004423C8 /* Extensions */,
				ACFB983A29F188100046BA06 /* Constants */,
				ACFB983929F1880A0046BA06 /* Resources */,
				ACFB983829F187F00046BA06 /* Utilities */,
				ACFB983729F187E90046BA06 /* Modifier */,
				ACFB983529F187D40046BA06 /* Themes */,
			);
			path = Core;
			sourceTree = "<group>";
		};
		ACFB983529F187D40046BA06 /* Themes */ = {
			isa = PBXGroup;
			children = (
				ACFB983B29F1886F0046BA06 /* Colors */,
				ACFB984529F1C1000046BA06 /* Presenters */,
			);
			path = Themes;
			sourceTree = "<group>";
		};
		ACFB983629F187E30046BA06 /* Views */ = {
			isa = PBXGroup;
			children = (
				ACFB984629F270250046BA06 /* AppBackground.swift */,
				ACFB984829F272BB0046BA06 /* BlurBackground.swift */,
			);
			path = Views;
			sourceTree = "<group>";
		};
		ACFB983729F187E90046BA06 /* Modifier */ = {
			isa = PBXGroup;
			children = (
			);
			path = Modifier;
			sourceTree = "<group>";
		};
		ACFB983829F187F00046BA06 /* Utilities */ = {
			isa = PBXGroup;
			children = (
				AC0338B12A02B0D40010349E /* ChatHelper */,
				85F8D81529FD86B80012A6D1 /* AESHelper.swift */,
				AC97A51629FFB25D00B66A67 /* PaymentTypeHelper.swift */,
			);
			path = Utilities;
			sourceTree = "<group>";
		};
		ACFB983929F1880A0046BA06 /* Resources */ = {
			isa = PBXGroup;
			children = (
				ACFB982829F187A30046BA06 /* Assets.xcassets */,
			);
			path = Resources;
			sourceTree = "<group>";
		};
		ACFB983A29F188100046BA06 /* Constants */ = {
			isa = PBXGroup;
			children = (
				AC5F370D29F50E4800372208 /* Prompt.swift */,
			);
			path = Constants;
			sourceTree = "<group>";
		};
		ACFB983B29F1886F0046BA06 /* Colors */ = {
			isa = PBXGroup;
			children = (
				ACFB983C29F1888D0046BA06 /* ColorPallete.swift */,
			);
			path = Colors;
			sourceTree = "<group>";
		};
		ACFB983E29F188C10046BA06 /* Components */ = {
			isa = PBXGroup;
			children = (
				8F3CF28D2A011FFB006E03AC /* Text */,
				ACFB983F29F188CC0046BA06 /* CustomNavigationBar.swift */,
				ACFB984329F1BDF00046BA06 /* SearchBarComponent.swift */,
			);
			path = Components;
			sourceTree = "<group>";
		};
		ACFB984529F1C1000046BA06 /* Presenters */ = {
			isa = PBXGroup;
			children = (
				ACFB983629F187E30046BA06 /* Views */,
				ACFB983E29F188C10046BA06 /* Components */,
			);
			path = Presenters;
			sourceTree = "<group>";
		};
		ACFB984C29F2D89B0046BA06 /* Features */ = {
			isa = PBXGroup;
			children = (
				ACFB984D29F2D8C40046BA06 /* Parenthings */,
			);
			path = Features;
			sourceTree = "<group>";
		};
		ACFB984D29F2D8C40046BA06 /* Parenthings */ = {
			isa = PBXGroup;
			children = (
				ACFB985029F2D8DD0046BA06 /* Presenters */,
				ACFB984F29F2D8D70046BA06 /* ViewModels */,
				ACFB984E29F2D8CF0046BA06 /* Models */,
			);
			path = Parenthings;
			sourceTree = "<group>";
		};
		ACFB984E29F2D8CF0046BA06 /* Models */ = {
			isa = PBXGroup;
			children = (
				851DC3162A03A8DF0025DD5C /* Api */,
				ACFB985129F2D9100046BA06 /* Expert.swift */,
				AC5F371529F5A43300372208 /* ExpertRepository.swift */,
				AC34EDB529FBCFD5002AED7C /* ConsultationTransactionModel.swift */,
				ACF7F5DE29FC449C0059F323 /* UserModel.swift */,
				AC9FF96229FD9156008766E8 /* TransactionRepository.swift */,
				851DC31B2A0420E90025DD5C /* ArticleModel.swift */,
				8542E0762A0507E4000D7A78 /* BaseApiModel.swift */,
			);
			path = Models;
			sourceTree = "<group>";
		};
		ACFB984F29F2D8D70046BA06 /* ViewModels */ = {
			isa = PBXGroup;
			children = (
				ACEA1BDC2A06216900D7C411 /* ExpertViewModel.swift */,
				ACEA1BDD2A06216900D7C411 /* UserViewModel.swift */,
				ACC826CA29F42281004423C8 /* parenthingsViewModel.swift */,
				8542E0702A04F286000D7A78 /* ArticleViewModel.swift */,
				ACEA1BE82A0631AD00D7C411 /* ExpertEducationViewModel.swift */,
			);
			path = ViewModels;
			sourceTree = "<group>";
		};
		ACFB985029F2D8DD0046BA06 /* Presenters */ = {
			isa = PBXGroup;
			children = (
				ACFB985529F2DAD30046BA06 /* Extensions */,
				ACFB985429F2DACE0046BA06 /* Components */,
				ACFB985329F2DAC80046BA06 /* Views */,
			);
			path = Presenters;
			sourceTree = "<group>";
		};
		ACFB985329F2DAC80046BA06 /* Views */ = {
			isa = PBXGroup;
			children = (
				8F0362342A04DEC70085D7F5 /* Consultation_RedeemCouponView.swift */,
				8F03622C2A04DD5D0085D7F5 /* Profile_TopUpConfirmation.swift */,
				8F03622B2A04DD5D0085D7F5 /* Profile_TopUpView.swift */,
				8F03622D2A04DD5D0085D7F5 /* ProfileMainPageView.swift */,
				AC5F371129F59B4D00372208 /* HomeRootView.swift */,
				AC5F371329F59C9C00372208 /* ConsultationMainPageView.swift */,
				AC5F371929F822D300372208 /* Consultation_ExpertDetailView.swift */,
				AC5F372A29FA858000372208 /* LoadingPageView.swift */,
				851DC3192A03B4A00025DD5C /* ProgressPageView.swift */,
				8586280F2A0387440077F60D /* Article_SearchPageView.swift */,
				AC34EDB329FBA063002AED7C /* Consultation_ExpertPaymentView.swift */,
				ACDE995D29FD51B200E32E5A /* SignInPopUPView.swift */,
				858627FD2A02413B0077F60D /* SignInView.swift */,
				858628012A02505D0077F60D /* SignUpView.swift */,
				AC9FF96029FD9007008766E8 /* OnGoingMainConsultationView.swift */,
				AC9FF96629FE9B35008766E8 /* ConsultationDetailView.swift */,
				8F3CF2962A012182006E03AC /* PaymentSuccessPageView.swift */,
				AC1AEF1E2A014B28006C5F01 /* ChatExpertView.swift */,
				858628052A0258EA0077F60D /* OtpView.swift */,
				858628112A038DA00077F60D /* ArticleDetailView.swift */,
				858628072A03493C0077F60D /* ArticleMainPageView.swift */,
				ACA8410B2A04FD8A001E3127 /* ConsultationSearchPage.swift */,
			);
			path = Views;
			sourceTree = "<group>";
		};
		ACFB985429F2DACE0046BA06 /* Components */ = {
			isa = PBXGroup;
			children = (
				835819C42A05216700F31638 /* LogOutButtonComponent.swift */,
				8F03623E2A04E1DF0085D7F5 /* LogoComponent.swift */,
				8F0362372A04E13C0085D7F5 /* BottomConfirmationComponent.swift */,
				8F0362392A04E13C0085D7F5 /* TopUpAmountComponent.swift */,
				AC5F371729F6F04900372208 /* RoundedShape.swift */,
				ACFB985829F2E7730046BA06 /* CountStartViewComponent.swift */,
				ACFB984A29F2D6E20046BA06 /* LongExpertCardView.swift */,
				ACFB985629F2DAF80046BA06 /* ShortExpertCardView.swift */,
				AC5F370F29F56BD300372208 /* ConsultationPagePicker.swift */,
				AC5F371B29F84A3D00372208 /* ExpertDetailImage.swift */,
				AC5F371D29F8573000372208 /* ExpertDetailVerticalTrait.swift */,
				AC5F372429F95FA400372208 /* ExpertGridView.swift */,
				AC5AEB3829FC0CE800BF64F9 /* CustomPicker.swift */,
				ACF7F5E029FC4BCD0059F323 /* LazyVGridPaymentType.swift */,
				AC9FF96929FEA0A0008766E8 /* TransactionDetailViewComponent.swift */,
				AC9FF96B29FEA295008766E8 /* StarRatingComponent.swift */,
				8F3CF2942A012133006E03AC /* ProfileMenuComponent.swift */,
				858627FF2A02472F0077F60D /* ClearButton.swift */,
				858628092A034B100077F60D /* ShortArticleCardView.swift */,
				8586280B2A034B1D0077F60D /* LongArticleCardView.swift */,
				AC5F372629F966AD00372208 /* Consultation_SearchPageComponent.swift */,
			);
			path = Components;
			sourceTree = "<group>";
		};
		ACFB985529F2DAD30046BA06 /* Extensions */ = {
			isa = PBXGroup;
			children = (
			);
			path = Extensions;
			sourceTree = "<group>";
		};
/* End PBXGroup section */

/* Begin PBXNativeTarget section */
		ACFB982029F187A20046BA06 /* MiniChallenge-Parenthings-6 */ = {
			isa = PBXNativeTarget;
			buildConfigurationList = ACFB982F29F187A30046BA06 /* Build configuration list for PBXNativeTarget "MiniChallenge-Parenthings-6" */;
			buildPhases = (
				ACFB981D29F187A20046BA06 /* Sources */,
				ACFB981E29F187A20046BA06 /* Frameworks */,
				ACFB981F29F187A20046BA06 /* Resources */,
			);
			buildRules = (
			);
			dependencies = (
			);
			name = "MiniChallenge-Parenthings-6";
			packageProductDependencies = (
				AC1AEF192A0142AE006C5F01 /* Chat */,
			);
			productName = "MiniChallenge-Parenthings-6";
			productReference = ACFB982129F187A20046BA06 /* MiniChallenge-Parenthings-6.app */;
			productType = "com.apple.product-type.application";
		};
/* End PBXNativeTarget section */

/* Begin PBXProject section */
		ACFB981929F187A20046BA06 /* Project object */ = {
			isa = PBXProject;
			attributes = {
				BuildIndependentTargetsInParallel = 1;
				LastSwiftUpdateCheck = 1420;
				LastUpgradeCheck = 1420;
				TargetAttributes = {
					ACFB982029F187A20046BA06 = {
						CreatedOnToolsVersion = 14.2;
					};
				};
			};
			buildConfigurationList = ACFB981C29F187A20046BA06 /* Build configuration list for PBXProject "MiniChallenge-Parenthings-6" */;
			compatibilityVersion = "Xcode 14.0";
			developmentRegion = en;
			hasScannedForEncodings = 0;
			knownRegions = (
				en,
				Base,
			);
			mainGroup = ACFB981829F187A20046BA06;
			packageReferences = (
				AC1AEF182A0142AE006C5F01 /* XCRemoteSwiftPackageReference "Chat" */,
			);
			productRefGroup = ACFB982229F187A20046BA06 /* Products */;
			projectDirPath = "";
			projectRoot = "";
			targets = (
				ACFB982029F187A20046BA06 /* MiniChallenge-Parenthings-6 */,
			);
		};
/* End PBXProject section */

/* Begin PBXResourcesBuildPhase section */
		ACFB981F29F187A20046BA06 /* Resources */ = {
			isa = PBXResourcesBuildPhase;
			buildActionMask = 2147483647;
			files = (
				ACFB982C29F187A30046BA06 /* Preview Assets.xcassets in Resources */,
				ACFB982929F187A30046BA06 /* Assets.xcassets in Resources */,
				85F8D8252A0041F00012A6D1 /* article.json in Resources */,
			);
			runOnlyForDeploymentPostprocessing = 0;
		};
/* End PBXResourcesBuildPhase section */

/* Begin PBXSourcesBuildPhase section */
		ACFB981D29F187A20046BA06 /* Sources */ = {
			isa = PBXSourcesBuildPhase;
			buildActionMask = 2147483647;
			files = (
				ACEA1BE12A06217800D7C411 /* ExpertAPIModel.swift in Sources */,
				8F03623D2A04E13C0085D7F5 /* TopUpAmountComponent.swift in Sources */,
				ACF7F5E129FC4BCD0059F323 /* LazyVGridPaymentType.swift in Sources */,
				8F03623B2A04E13C0085D7F5 /* BottomConfirmationComponent.swift in Sources */,
				ACFB982729F187A20046BA06 /* ContentView.swift in Sources */,
				8F3CF2912A01201B006E03AC /* ImageLabel.swift in Sources */,
				8F3CF28F2A01200E006E03AC /* SubTitleText.swift in Sources */,
				ACFB984729F270250046BA06 /* AppBackground.swift in Sources */,
				ACFB985929F2E7730046BA06 /* CountStartViewComponent.swift in Sources */,
				ACEA1BDE2A06216900D7C411 /* ExpertViewModel.swift in Sources */,
				851DC31C2A0420E90025DD5C /* ArticleModel.swift in Sources */,
				8F3CF2972A012182006E03AC /* PaymentSuccessPageView.swift in Sources */,
				AC5F371E29F8573000372208 /* ExpertDetailVerticalTrait.swift in Sources */,
				8586280A2A034B100077F60D /* ShortArticleCardView.swift in Sources */,
				ACFB983D29F1888D0046BA06 /* ColorPallete.swift in Sources */,
				ACC826CB29F42281004423C8 /* parenthingsViewModel.swift in Sources */,
				8F03623F2A04E1DF0085D7F5 /* LogoComponent.swift in Sources */,
				AC1AEF1F2A014B28006C5F01 /* ChatExpertView.swift in Sources */,
				851DC31A2A03B4A00025DD5C /* ProgressPageView.swift in Sources */,
				8542E0772A0507E4000D7A78 /* BaseApiModel.swift in Sources */,
				AC9FF96729FE9B35008766E8 /* ConsultationDetailView.swift in Sources */,
				ACFB984029F188CC0046BA06 /* CustomNavigationBar.swift in Sources */,
				ACA8410C2A04FD8A001E3127 /* ConsultationSearchPage.swift in Sources */,
				AC9FF96C29FEA295008766E8 /* StarRatingComponent.swift in Sources */,
				AC34EDB429FBA063002AED7C /* Consultation_ExpertPaymentView.swift in Sources */,
				AC97A51729FFB25D00B66A67 /* PaymentTypeHelper.swift in Sources */,
				8586280C2A034B1D0077F60D /* LongArticleCardView.swift in Sources */,
				8F3CF2952A012133006E03AC /* ProfileMenuComponent.swift in Sources */,
				ACEA1BE32A062B6A00D7C411 /* ExpertEducationAPIModel.swift in Sources */,
				ACF7F5DF29FC449C0059F323 /* UserModel.swift in Sources */,
				AC0338B32A02B0E30010349E /* ChatInteractorProtocol.swift in Sources */,
				AC5AEB3929FC0CE800BF64F9 /* CustomPicker.swift in Sources */,
				AC5F371A29F822D400372208 /* Consultation_ExpertDetailView.swift in Sources */,
				ACFB984929F272BB0046BA06 /* BlurBackground.swift in Sources */,
				858628022A02505D0077F60D /* SignUpView.swift in Sources */,
				856849BA2A056AA600517DDF /* PersistenceController.swift in Sources */,
				AC5F372D29FA861900372208 /* HexToColor.swift in Sources */,
				AC9FF96329FD9156008766E8 /* TransactionRepository.swift in Sources */,
				ACFB985229F2D9100046BA06 /* Expert.swift in Sources */,
				ACFB984B29F2D6E20046BA06 /* LongExpertCardView.swift in Sources */,
				AC0338B52A02B30B0010349E /* ChatInteractorClass.swift in Sources */,
				AC5F372529F95FA400372208 /* ExpertGridView.swift in Sources */,
				AC1AEF172A010DE1006C5F01 /* hiddenTabBar Testing.swift in Sources */,
				858628062A0258EA0077F60D /* OtpView.swift in Sources */,
				8542E0712A04F286000D7A78 /* ArticleViewModel.swift in Sources */,
				ACEA1BDF2A06216900D7C411 /* UserViewModel.swift in Sources */,
				AC5F371429F59C9C00372208 /* ConsultationMainPageView.swift in Sources */,
				8586280E2A0384E20077F60D /* ScreenExtension.swift in Sources */,
				AC5F370E29F50E4800372208 /* Prompt.swift in Sources */,
				ACC826CD29F42529004423C8 /* EncodedBase64Extension.swift in Sources */,
				AC9FF96129FD9007008766E8 /* OnGoingMainConsultationView.swift in Sources */,
				858628082A03493C0077F60D /* ArticleMainPageView.swift in Sources */,
				AC0338B72A02B55E0010349E /* ChatDataClass.swift in Sources */,
				858628042A0258700077F60D /* StringExtension.swift in Sources */,
				85F8D8192A003C810012A6D1 /* BreedFetcher.swift in Sources */,
				AC0338B92A02DC7F0010349E /* ChatRepoExtension.swift in Sources */,
				851DC3182A03A8EB0025DD5C /* UserApiModel.swift in Sources */,
				ACDE995E29FD51B200E32E5A /* SignInPopUPView.swift in Sources */,
				AC5F371C29F84A3D00372208 /* ExpertDetailImage.swift in Sources */,
				AC9FF96529FD9FB7008766E8 /* DateFormatter.swift in Sources */,
				AC5F371229F59B4D00372208 /* HomeRootView.swift in Sources */,
				856849C02A05764C00517DDF /* CoreDataModel.xcdatamodeld in Sources */,
				8F0362312A04DD5D0085D7F5 /* ProfileMainPageView.swift in Sources */,
				AC34EDB629FBCFD5002AED7C /* ConsultationTransactionModel.swift in Sources */,
				ACEA1BE92A0631AD00D7C411 /* ExpertEducationViewModel.swift in Sources */,
				8F03622F2A04DD5D0085D7F5 /* Profile_TopUpView.swift in Sources */,
				ACEA1BE72A062BEC00D7C411 /* ExpertExperience.swift in Sources */,
				ACFB984429F1BDF00046BA06 /* SearchBarComponent.swift in Sources */,
				835819C52A05216700F31638 /* LogOutButtonComponent.swift in Sources */,
				AC5F372729F966AD00372208 /* Consultation_SearchPageComponent.swift in Sources */,
				8F0362302A04DD5D0085D7F5 /* Profile_TopUpConfirmation.swift in Sources */,
				ACFB982529F187A20046BA06 /* MiniChallenge_Parenthings_6App.swift in Sources */,
				8F0362352A04DEC70085D7F5 /* Consultation_RedeemCouponView.swift in Sources */,
				ACFB985729F2DAF80046BA06 /* ShortExpertCardView.swift in Sources */,
				858628102A0387450077F60D /* Article_SearchPageView.swift in Sources */,
				85F8D8212A003FC60012A6D1 /* JsonFileOpener.swift in Sources */,
				858628122A038DA00077F60D /* ArticleDetailView.swift in Sources */,
				858628002A02472F0077F60D /* ClearButton.swift in Sources */,
				85F8D81629FD86B80012A6D1 /* AESHelper.swift in Sources */,
				AC5F371029F56BD300372208 /* ConsultationPagePicker.swift in Sources */,
				AC5F371629F5A43300372208 /* ExpertRepository.swift in Sources */,
				85F8D81F2A003D740012A6D1 /* ApiError.swift in Sources */,
				AC5F372329F9212B00372208 /* TestingOnboarding.swift in Sources */,
				851DC3142A03A8490025DD5C /* DataExtension.swift in Sources */,
				858627FE2A02413B0077F60D /* SignInView.swift in Sources */,
				ACC826CF29F455EC004423C8 /* ImageExtension.swift in Sources */,
				AC5F371829F6F04900372208 /* RoundedShape.swift in Sources */,
				AC9FF96A29FEA0A0008766E8 /* TransactionDetailViewComponent.swift in Sources */,
				85F8D81B2A003C970012A6D1 /* APIService.swift in Sources */,
				AC5F372029F912C200372208 /* TestingScrollView.swift in Sources */,
				ACFB984229F18A9B0046BA06 /* TestGround.swift in Sources */,
				85F8D81D2A003D190012A6D1 /* Breed.swift in Sources */,
				AC5F372B29FA858000372208 /* LoadingPageView.swift in Sources */,
			);
			runOnlyForDeploymentPostprocessing = 0;
		};
/* End PBXSourcesBuildPhase section */

/* Begin XCBuildConfiguration section */
		ACFB982D29F187A30046BA06 /* Debug */ = {
			isa = XCBuildConfiguration;
			buildSettings = {
				ALWAYS_SEARCH_USER_PATHS = NO;
				CLANG_ANALYZER_NONNULL = YES;
				CLANG_ANALYZER_NUMBER_OBJECT_CONVERSION = YES_AGGRESSIVE;
				CLANG_CXX_LANGUAGE_STANDARD = "gnu++20";
				CLANG_ENABLE_MODULES = YES;
				CLANG_ENABLE_OBJC_ARC = YES;
				CLANG_ENABLE_OBJC_WEAK = YES;
				CLANG_WARN_BLOCK_CAPTURE_AUTORELEASING = YES;
				CLANG_WARN_BOOL_CONVERSION = YES;
				CLANG_WARN_COMMA = YES;
				CLANG_WARN_CONSTANT_CONVERSION = YES;
				CLANG_WARN_DEPRECATED_OBJC_IMPLEMENTATIONS = YES;
				CLANG_WARN_DIRECT_OBJC_ISA_USAGE = YES_ERROR;
				CLANG_WARN_DOCUMENTATION_COMMENTS = YES;
				CLANG_WARN_EMPTY_BODY = YES;
				CLANG_WARN_ENUM_CONVERSION = YES;
				CLANG_WARN_INFINITE_RECURSION = YES;
				CLANG_WARN_INT_CONVERSION = YES;
				CLANG_WARN_NON_LITERAL_NULL_CONVERSION = YES;
				CLANG_WARN_OBJC_IMPLICIT_RETAIN_SELF = YES;
				CLANG_WARN_OBJC_LITERAL_CONVERSION = YES;
				CLANG_WARN_OBJC_ROOT_CLASS = YES_ERROR;
				CLANG_WARN_QUOTED_INCLUDE_IN_FRAMEWORK_HEADER = YES;
				CLANG_WARN_RANGE_LOOP_ANALYSIS = YES;
				CLANG_WARN_STRICT_PROTOTYPES = YES;
				CLANG_WARN_SUSPICIOUS_MOVE = YES;
				CLANG_WARN_UNGUARDED_AVAILABILITY = YES_AGGRESSIVE;
				CLANG_WARN_UNREACHABLE_CODE = YES;
				CLANG_WARN__DUPLICATE_METHOD_MATCH = YES;
				COPY_PHASE_STRIP = NO;
				DEBUG_INFORMATION_FORMAT = dwarf;
				ENABLE_STRICT_OBJC_MSGSEND = YES;
				ENABLE_TESTABILITY = YES;
				GCC_C_LANGUAGE_STANDARD = gnu11;
				GCC_DYNAMIC_NO_PIC = NO;
				GCC_NO_COMMON_BLOCKS = YES;
				GCC_OPTIMIZATION_LEVEL = 0;
				GCC_PREPROCESSOR_DEFINITIONS = (
					"DEBUG=1",
					"$(inherited)",
				);
				GCC_WARN_64_TO_32_BIT_CONVERSION = YES;
				GCC_WARN_ABOUT_RETURN_TYPE = YES_ERROR;
				GCC_WARN_UNDECLARED_SELECTOR = YES;
				GCC_WARN_UNINITIALIZED_AUTOS = YES_AGGRESSIVE;
				GCC_WARN_UNUSED_FUNCTION = YES;
				GCC_WARN_UNUSED_VARIABLE = YES;
				IPHONEOS_DEPLOYMENT_TARGET = 16.2;
				MTL_ENABLE_DEBUG_INFO = INCLUDE_SOURCE;
				MTL_FAST_MATH = YES;
				ONLY_ACTIVE_ARCH = YES;
				SDKROOT = iphoneos;
				SWIFT_ACTIVE_COMPILATION_CONDITIONS = DEBUG;
				SWIFT_OPTIMIZATION_LEVEL = "-Onone";
			};
			name = Debug;
		};
		ACFB982E29F187A30046BA06 /* Release */ = {
			isa = XCBuildConfiguration;
			buildSettings = {
				ALWAYS_SEARCH_USER_PATHS = NO;
				CLANG_ANALYZER_NONNULL = YES;
				CLANG_ANALYZER_NUMBER_OBJECT_CONVERSION = YES_AGGRESSIVE;
				CLANG_CXX_LANGUAGE_STANDARD = "gnu++20";
				CLANG_ENABLE_MODULES = YES;
				CLANG_ENABLE_OBJC_ARC = YES;
				CLANG_ENABLE_OBJC_WEAK = YES;
				CLANG_WARN_BLOCK_CAPTURE_AUTORELEASING = YES;
				CLANG_WARN_BOOL_CONVERSION = YES;
				CLANG_WARN_COMMA = YES;
				CLANG_WARN_CONSTANT_CONVERSION = YES;
				CLANG_WARN_DEPRECATED_OBJC_IMPLEMENTATIONS = YES;
				CLANG_WARN_DIRECT_OBJC_ISA_USAGE = YES_ERROR;
				CLANG_WARN_DOCUMENTATION_COMMENTS = YES;
				CLANG_WARN_EMPTY_BODY = YES;
				CLANG_WARN_ENUM_CONVERSION = YES;
				CLANG_WARN_INFINITE_RECURSION = YES;
				CLANG_WARN_INT_CONVERSION = YES;
				CLANG_WARN_NON_LITERAL_NULL_CONVERSION = YES;
				CLANG_WARN_OBJC_IMPLICIT_RETAIN_SELF = YES;
				CLANG_WARN_OBJC_LITERAL_CONVERSION = YES;
				CLANG_WARN_OBJC_ROOT_CLASS = YES_ERROR;
				CLANG_WARN_QUOTED_INCLUDE_IN_FRAMEWORK_HEADER = YES;
				CLANG_WARN_RANGE_LOOP_ANALYSIS = YES;
				CLANG_WARN_STRICT_PROTOTYPES = YES;
				CLANG_WARN_SUSPICIOUS_MOVE = YES;
				CLANG_WARN_UNGUARDED_AVAILABILITY = YES_AGGRESSIVE;
				CLANG_WARN_UNREACHABLE_CODE = YES;
				CLANG_WARN__DUPLICATE_METHOD_MATCH = YES;
				COPY_PHASE_STRIP = NO;
				DEBUG_INFORMATION_FORMAT = "dwarf-with-dsym";
				ENABLE_NS_ASSERTIONS = NO;
				ENABLE_STRICT_OBJC_MSGSEND = YES;
				GCC_C_LANGUAGE_STANDARD = gnu11;
				GCC_NO_COMMON_BLOCKS = YES;
				GCC_WARN_64_TO_32_BIT_CONVERSION = YES;
				GCC_WARN_ABOUT_RETURN_TYPE = YES_ERROR;
				GCC_WARN_UNDECLARED_SELECTOR = YES;
				GCC_WARN_UNINITIALIZED_AUTOS = YES_AGGRESSIVE;
				GCC_WARN_UNUSED_FUNCTION = YES;
				GCC_WARN_UNUSED_VARIABLE = YES;
				IPHONEOS_DEPLOYMENT_TARGET = 16.2;
				MTL_ENABLE_DEBUG_INFO = NO;
				MTL_FAST_MATH = YES;
				SDKROOT = iphoneos;
				SWIFT_COMPILATION_MODE = wholemodule;
				SWIFT_OPTIMIZATION_LEVEL = "-O";
				VALIDATE_PRODUCT = YES;
			};
			name = Release;
		};
		ACFB983029F187A30046BA06 /* Debug */ = {
			isa = XCBuildConfiguration;
			buildSettings = {
				ASSETCATALOG_COMPILER_APPICON_NAME = AppIcon;
				ASSETCATALOG_COMPILER_GLOBAL_ACCENT_COLOR_NAME = AccentColor;
				CODE_SIGN_STYLE = Automatic;
				CURRENT_PROJECT_VERSION = 1;
				DEVELOPMENT_ASSET_PATHS = "\"MiniChallenge-Parenthings-6/Preview Content\"";
				DEVELOPMENT_TEAM = 382VG5FRJK;
				ENABLE_PREVIEWS = YES;
				GENERATE_INFOPLIST_FILE = YES;
				INFOPLIST_KEY_UIApplicationSceneManifest_Generation = YES;
				INFOPLIST_KEY_UIApplicationSupportsIndirectInputEvents = YES;
				INFOPLIST_KEY_UILaunchScreen_Generation = YES;
				INFOPLIST_KEY_UISupportedInterfaceOrientations_iPad = "UIInterfaceOrientationPortrait UIInterfaceOrientationPortraitUpsideDown UIInterfaceOrientationLandscapeLeft UIInterfaceOrientationLandscapeRight";
				INFOPLIST_KEY_UISupportedInterfaceOrientations_iPhone = "UIInterfaceOrientationPortrait UIInterfaceOrientationLandscapeLeft UIInterfaceOrientationLandscapeRight";
				LD_RUNPATH_SEARCH_PATHS = (
					"$(inherited)",
					"@executable_path/Frameworks",
				);
				MARKETING_VERSION = 1.0;
				PRODUCT_BUNDLE_IDENTIFIER = "com.AA.MiniChallenge-Parenthings-6";
				PRODUCT_NAME = "$(TARGET_NAME)";
				SWIFT_EMIT_LOC_STRINGS = YES;
				SWIFT_VERSION = 5.0;
				TARGETED_DEVICE_FAMILY = "1,2";
			};
			name = Debug;
		};
		ACFB983129F187A30046BA06 /* Release */ = {
			isa = XCBuildConfiguration;
			buildSettings = {
				ASSETCATALOG_COMPILER_APPICON_NAME = AppIcon;
				ASSETCATALOG_COMPILER_GLOBAL_ACCENT_COLOR_NAME = AccentColor;
				CODE_SIGN_STYLE = Automatic;
				CURRENT_PROJECT_VERSION = 1;
				DEVELOPMENT_ASSET_PATHS = "\"MiniChallenge-Parenthings-6/Preview Content\"";
				DEVELOPMENT_TEAM = 382VG5FRJK;
				ENABLE_PREVIEWS = YES;
				GENERATE_INFOPLIST_FILE = YES;
				INFOPLIST_KEY_UIApplicationSceneManifest_Generation = YES;
				INFOPLIST_KEY_UIApplicationSupportsIndirectInputEvents = YES;
				INFOPLIST_KEY_UILaunchScreen_Generation = YES;
				INFOPLIST_KEY_UISupportedInterfaceOrientations_iPad = "UIInterfaceOrientationPortrait UIInterfaceOrientationPortraitUpsideDown UIInterfaceOrientationLandscapeLeft UIInterfaceOrientationLandscapeRight";
				INFOPLIST_KEY_UISupportedInterfaceOrientations_iPhone = "UIInterfaceOrientationPortrait UIInterfaceOrientationLandscapeLeft UIInterfaceOrientationLandscapeRight";
				LD_RUNPATH_SEARCH_PATHS = (
					"$(inherited)",
					"@executable_path/Frameworks",
				);
				MARKETING_VERSION = 1.0;
				PRODUCT_BUNDLE_IDENTIFIER = "com.AA.MiniChallenge-Parenthings-6";
				PRODUCT_NAME = "$(TARGET_NAME)";
				SWIFT_EMIT_LOC_STRINGS = YES;
				SWIFT_VERSION = 5.0;
				TARGETED_DEVICE_FAMILY = "1,2";
			};
			name = Release;
		};
/* End XCBuildConfiguration section */

/* Begin XCConfigurationList section */
		ACFB981C29F187A20046BA06 /* Build configuration list for PBXProject "MiniChallenge-Parenthings-6" */ = {
			isa = XCConfigurationList;
			buildConfigurations = (
				ACFB982D29F187A30046BA06 /* Debug */,
				ACFB982E29F187A30046BA06 /* Release */,
			);
			defaultConfigurationIsVisible = 0;
			defaultConfigurationName = Release;
		};
		ACFB982F29F187A30046BA06 /* Build configuration list for PBXNativeTarget "MiniChallenge-Parenthings-6" */ = {
			isa = XCConfigurationList;
			buildConfigurations = (
				ACFB983029F187A30046BA06 /* Debug */,
				ACFB983129F187A30046BA06 /* Release */,
			);
			defaultConfigurationIsVisible = 0;
			defaultConfigurationName = Release;
		};
/* End XCConfigurationList section */

/* Begin XCRemoteSwiftPackageReference section */
		AC1AEF182A0142AE006C5F01 /* XCRemoteSwiftPackageReference "Chat" */ = {
			isa = XCRemoteSwiftPackageReference;
			repositoryURL = "https://github.com/exyte/Chat.git";
			requirement = {
				kind = upToNextMajorVersion;
				minimumVersion = 0.0.3;
			};
		};
/* End XCRemoteSwiftPackageReference section */

/* Begin XCSwiftPackageProductDependency section */
		AC1AEF192A0142AE006C5F01 /* Chat */ = {
			isa = XCSwiftPackageProductDependency;
			package = AC1AEF182A0142AE006C5F01 /* XCRemoteSwiftPackageReference "Chat" */;
			productName = Chat;
		};
/* End XCSwiftPackageProductDependency section */

/* Begin XCVersionGroup section */
		856849BE2A05764C00517DDF /* CoreDataModel.xcdatamodeld */ = {
			isa = XCVersionGroup;
			children = (
				856849BF2A05764C00517DDF /* CoreDataModel.xcdatamodel */,
			);
			currentVersion = 856849BF2A05764C00517DDF /* CoreDataModel.xcdatamodel */;
			path = CoreDataModel.xcdatamodeld;
			sourceTree = "<group>";
			versionGroupType = wrapper.xcdatamodel;
		};
/* End XCVersionGroup section */
	};
	rootObject = ACFB981929F187A20046BA06 /* Project object */;
}
